
Microsoft Visual Studio Solution File, Format Version 12.00
# Visual Studio Version 16
VisualStudioVersion = 16.0.30225.117
MinimumVisualStudioVersion = 10.0.40219.1
Project("{2150E333-8FDC-42A3-9474-1A3956D46DE8}") = "underscore-net", "underscore-net", "{FC2BE9F3-505A-47DD-8307-B29DEB465671}"
EndProject
Project("{FAE04EC0-301F-11D3-BF4B-00C04F79EFBC}") = "underscore.net.tests", "underscore.net.tests\underscore.net.tests.csproj", "{79C16B6D-37BF-4541-AD3B-C43F9FB7E7DF}"
EndProject
Project("{FAE04EC0-301F-11D3-BF4B-00C04F79EFBC}") = "underscore.net", "underscore.net\underscore.net.csproj", "{A1DAD0F8-E0B6-4155-BA95-5B3B09F8D203}"
EndProject
Global
	GlobalSection(SolutionConfigurationPlatforms) = preSolution
		Debug|Any CPU = Debug|Any CPU
		Release|Any CPU = Release|Any CPU
	EndGlobalSection
	GlobalSection(ProjectConfigurationPlatforms) = postSolution
		{79C16B6D-37BF-4541-AD3B-C43F9FB7E7DF}.Debug|Any CPU.ActiveCfg = Debug|Any CPU
		{79C16B6D-37BF-4541-AD3B-C43F9FB7E7DF}.Debug|Any CPU.Build.0 = Debug|Any CPU
		{79C16B6D-37BF-4541-AD3B-C43F9FB7E7DF}.Release|Any CPU.ActiveCfg = Release|Any CPU
		{79C16B6D-37BF-4541-AD3B-C43F9FB7E7DF}.Release|Any CPU.Build.0 = Release|Any CPU
		{A1DAD0F8-E0B6-4155-BA95-5B3B09F8D203}.Debug|Any CPU.ActiveCfg = Debug|Any CPU
		{A1DAD0F8-E0B6-4155-BA95-5B3B09F8D203}.Debug|Any CPU.Build.0 = Debug|Any CPU
		{A1DAD0F8-E0B6-4155-BA95-5B3B09F8D203}.Release|Any CPU.ActiveCfg = Release|Any CPU
		{A1DAD0F8-E0B6-4155-BA95-5B3B09F8D203}.Release|Any CPU.Build.0 = Release|Any CPU
	EndGlobalSection
	GlobalSection(SolutionProperties) = preSolution
		HideSolutionNode = FALSE
	EndGlobalSection
	GlobalSection(NestedProjects) = preSolution
		{79C16B6D-37BF-4541-AD3B-C43F9FB7E7DF} = {FC2BE9F3-505A-47DD-8307-B29DEB465671}
		{A1DAD0F8-E0B6-4155-BA95-5B3B09F8D203} = {FC2BE9F3-505A-47DD-8307-B29DEB465671}
	EndGlobalSection
	GlobalSection(ExtensibilityGlobals) = postSolution
		SolutionGuid = {DA568839-4176-453F-A69B-F87F8C2323B7}
	EndGlobalSection
EndGlobal
