
Microsoft Visual Studio Solution File, Format Version 12.00
# Visual Studio Version 16
VisualStudioVersion = 16.0.30225.117
MinimumVisualStudioVersion = 10.0.40219.1
Project("{2150E333-8FDC-42A3-9474-1A3956D46DE8}") = "underscore-net", "underscore-net", "{FC2BE9F3-505A-47DD-8307-B29DEB465671}"
EndProject
Project("{9A19103F-16F7-4668-BE54-9A1E7A4F7556}") = "underscore.net.tests", "underscore.net.tests\underscore.net.tests.csproj", "{79C16B6D-37BF-4541-AD3B-C43F9FB7E7DF}"
EndProject
Project("{9A19103F-16F7-4668-BE54-9A1E7A4F7556}") = "underscore.net", "underscore.net\underscore.net.csproj", "{A1DAD0F8-E0B6-4155-BA95-5B3B09F8D203}"
EndProject
Project("{9A19103F-16F7-4668-BE54-9A1E7A4F7556}") = "iter.net", "iter.net\iter.net.csproj", "{861D7664-9446-40BB-83E2-89D4CBAA9B32}"
EndProject
Project("{2150E333-8FDC-42A3-9474-1A3956D46DE8}") = "iter-net", "iter-net", "{323E9B49-8B0C-4822-A218-43AD19A37286}"
EndProject
Project("{9A19103F-16F7-4668-BE54-9A1E7A4F7556}") = "iter.net.tests", "iter.net.tests\iter.net.tests.csproj", "{CDA81287-A919-4FAC-BE77-B7DB668D5AF7}"
EndProject
Project("{9A19103F-16F7-4668-BE54-9A1E7A4F7556}") = "std.net", "std.net\std.net.csproj", "{2EA081EC-9788-43C5-A6BC-A7F1AE7B65DC}"
EndProject
Project("{2150E333-8FDC-42A3-9474-1A3956D46DE8}") = "std-net", "std-net", "{9BAAD590-23F6-48E9-A936-4567A2E84D28}"
EndProject
Project("{9A19103F-16F7-4668-BE54-9A1E7A4F7556}") = "std.net.tests", "std.net.tests\std.net.tests.csproj", "{5C09C829-BB34-4515-AA53-571D835082E7}"
EndProject
Project("{9A19103F-16F7-4668-BE54-9A1E7A4F7556}") = "fn.net", "fn.net\fn.net.csproj", "{B31887A4-00BC-473C-94EC-C8E953E47FE5}"
EndProject
Project("{2150E333-8FDC-42A3-9474-1A3956D46DE8}") = "fn-net", "fn-net", "{A71C7996-2436-4D30-89EA-3287FB398022}"
EndProject
Project("{9A19103F-16F7-4668-BE54-9A1E7A4F7556}") = "fn.net.tests", "fn.net.tests\fn.net.tests.csproj", "{2F4512BD-762F-451E-A3CA-B870A6DD0A7F}"
EndProject
Project("{2150E333-8FDC-42A3-9474-1A3956D46DE8}") = "www-net", "www-net", "{01982F44-7275-44DB-81B1-F7AA7F5519B7}"
EndProject
Project("{9A19103F-16F7-4668-BE54-9A1E7A4F7556}") = "www.net.tests", "www.net.tests\www.net.tests.csproj", "{4AFA4AA1-645F-4745-BD6E-02D73C4BAE81}"
EndProject
Project("{2150E333-8FDC-42A3-9474-1A3956D46DE8}") = "conc-net", "conc-net", "{AB587B66-D59B-4BBB-91AA-3F5D435413C8}"
EndProject
Project("{9A19103F-16F7-4668-BE54-9A1E7A4F7556}") = "concurrent.net", "concurrent.net\concurrent.net.csproj", "{BD3170EE-7148-4829-8787-B0C7A911631E}"
EndProject
Project("{9A19103F-16F7-4668-BE54-9A1E7A4F7556}") = "concurrent.net.tests", "concurrent.net.tests\concurrent.net.tests.csproj", "{4A63D224-A80A-4CC1-B619-55E321C8441D}"
EndProject
Project("{9A19103F-16F7-4668-BE54-9A1E7A4F7556}") = "math.net", "math.net\math.net.csproj", "{FE7BAF6D-2F32-4CE2-89DD-7274C044CED3}"
EndProject
Project("{2150E333-8FDC-42A3-9474-1A3956D46DE8}") = "math-net", "math-net", "{B1C8321A-D974-4C70-959C-380B38B8C586}"
EndProject
Project("{9A19103F-16F7-4668-BE54-9A1E7A4F7556}") = "math.net.tests", "math.net.tests\math.net.tests.csproj", "{80806292-6299-43E6-8D2E-B0AF3CF43321}"
EndProject
Project("{2150E333-8FDC-42A3-9474-1A3956D46DE8}") = "exp-net", "exp-net", "{AFC98EF5-90A5-4636-96CF-948E3024B0A3}"
EndProject
Project("{9A19103F-16F7-4668-BE54-9A1E7A4F7556}") = "exp.net", "exp.net\exp.net.csproj", "{FAF25EDE-DD66-4313-86F4-1B53F4343FA8}"
EndProject
Project("{9A19103F-16F7-4668-BE54-9A1E7A4F7556}") = "exp.net.tests", "exp.net.tests\exp.net.tests.csproj", "{71549E8D-3A55-4E99-A508-DAB08469A636}"
EndProject
Project("{2150E333-8FDC-42A3-9474-1A3956D46DE8}") = "fs-net", "fs-net", "{183557F0-3212-4616-B6A6-58B726D3EBBF}"
EndProject
Project("{9A19103F-16F7-4668-BE54-9A1E7A4F7556}") = "fs.net", "fs.net\fs.net.csproj", "{1A38E330-E0F7-4900-AC51-387D675A35A1}"
EndProject
Project("{9A19103F-16F7-4668-BE54-9A1E7A4F7556}") = "fs.net.tests", "fs.net.tests\fs.net.tests.csproj", "{4E2E1926-ADD7-4EC4-921A-C366E76DB5DC}"
EndProject
Project("{2150E333-8FDC-42A3-9474-1A3956D46DE8}") = "refl-net", "refl-net", "{CF2FB307-905B-42C0-B45C-13581CBBB17F}"
EndProject
Project("{9A19103F-16F7-4668-BE54-9A1E7A4F7556}") = "refl.net", "refl.net\refl.net.csproj", "{3E88FD97-CA48-4590-9E79-F2B1727F86A7}"
EndProject
Project("{9A19103F-16F7-4668-BE54-9A1E7A4F7556}") = "refl.net.tests", "refl.net.tests\refl.net.tests.csproj", "{CAE309F0-A3FE-447D-9970-AC874D63B1E3}"
EndProject
Project("{2150E333-8FDC-42A3-9474-1A3956D46DE8}") = "rgx-net", "rgx-net", "{F0F22F1A-6AC5-42CB-8AB9-E585542F0332}"
EndProject
Project("{9A19103F-16F7-4668-BE54-9A1E7A4F7556}") = "rgx.net", "rgx.net\rgx.net.csproj", "{706E84F7-5E4C-4866-B3AC-BFFD51938F51}"
EndProject
Project("{9A19103F-16F7-4668-BE54-9A1E7A4F7556}") = "rgx.net.tests", "rgx.net.tests\rgx.net.tests.csproj", "{1AEDDD38-E2EC-4895-B76E-E51442417A4E}"
EndProject
Project("{9A19103F-16F7-4668-BE54-9A1E7A4F7556}") = "www.net", "www.net\www.net.csproj", "{32EAA1A3-D9F2-468A-A4C0-AB7152A39950}"
EndProject
Project("{2150E333-8FDC-42A3-9474-1A3956D46DE8}") = "Solution Items", "Solution Items", "{C01857B6-125B-4D6F-B3DD-18D4593DF6EF}"
	ProjectSection(SolutionItems) = preProject
		.editorconfig = .editorconfig
	EndProjectSection
EndProject
Project("{9A19103F-16F7-4668-BE54-9A1E7A4F7556}") = "fnx.net.console", "fnx.net.console\fnx.net.console.csproj", "{2A7D538F-08EB-4DF5-B6A2-673867DC22E0}"
EndProject
Project("{FAE04EC0-301F-11D3-BF4B-00C04F79EFBC}") = "types", "types\types.csproj", "{45D9B082-E3F5-47F0-9FC0-49B10692117B}"
EndProject
Global
	GlobalSection(SolutionConfigurationPlatforms) = preSolution
		Debug|Any CPU = Debug|Any CPU
		Release|Any CPU = Release|Any CPU
	EndGlobalSection
	GlobalSection(ProjectConfigurationPlatforms) = postSolution
		{79C16B6D-37BF-4541-AD3B-C43F9FB7E7DF}.Debug|Any CPU.ActiveCfg = Debug|Any CPU
		{79C16B6D-37BF-4541-AD3B-C43F9FB7E7DF}.Debug|Any CPU.Build.0 = Debug|Any CPU
		{79C16B6D-37BF-4541-AD3B-C43F9FB7E7DF}.Release|Any CPU.ActiveCfg = Release|Any CPU
		{79C16B6D-37BF-4541-AD3B-C43F9FB7E7DF}.Release|Any CPU.Build.0 = Release|Any CPU
		{A1DAD0F8-E0B6-4155-BA95-5B3B09F8D203}.Debug|Any CPU.ActiveCfg = Debug|Any CPU
		{A1DAD0F8-E0B6-4155-BA95-5B3B09F8D203}.Debug|Any CPU.Build.0 = Debug|Any CPU
		{A1DAD0F8-E0B6-4155-BA95-5B3B09F8D203}.Release|Any CPU.ActiveCfg = Release|Any CPU
		{A1DAD0F8-E0B6-4155-BA95-5B3B09F8D203}.Release|Any CPU.Build.0 = Release|Any CPU
		{861D7664-9446-40BB-83E2-89D4CBAA9B32}.Debug|Any CPU.ActiveCfg = Debug|Any CPU
		{861D7664-9446-40BB-83E2-89D4CBAA9B32}.Debug|Any CPU.Build.0 = Debug|Any CPU
		{861D7664-9446-40BB-83E2-89D4CBAA9B32}.Release|Any CPU.ActiveCfg = Release|Any CPU
		{861D7664-9446-40BB-83E2-89D4CBAA9B32}.Release|Any CPU.Build.0 = Release|Any CPU
		{CDA81287-A919-4FAC-BE77-B7DB668D5AF7}.Debug|Any CPU.ActiveCfg = Debug|Any CPU
		{CDA81287-A919-4FAC-BE77-B7DB668D5AF7}.Debug|Any CPU.Build.0 = Debug|Any CPU
		{CDA81287-A919-4FAC-BE77-B7DB668D5AF7}.Release|Any CPU.ActiveCfg = Release|Any CPU
		{CDA81287-A919-4FAC-BE77-B7DB668D5AF7}.Release|Any CPU.Build.0 = Release|Any CPU
		{2EA081EC-9788-43C5-A6BC-A7F1AE7B65DC}.Debug|Any CPU.ActiveCfg = Debug|Any CPU
		{2EA081EC-9788-43C5-A6BC-A7F1AE7B65DC}.Debug|Any CPU.Build.0 = Debug|Any CPU
		{2EA081EC-9788-43C5-A6BC-A7F1AE7B65DC}.Release|Any CPU.ActiveCfg = Release|Any CPU
		{2EA081EC-9788-43C5-A6BC-A7F1AE7B65DC}.Release|Any CPU.Build.0 = Release|Any CPU
		{5C09C829-BB34-4515-AA53-571D835082E7}.Debug|Any CPU.ActiveCfg = Debug|Any CPU
		{5C09C829-BB34-4515-AA53-571D835082E7}.Debug|Any CPU.Build.0 = Debug|Any CPU
		{5C09C829-BB34-4515-AA53-571D835082E7}.Release|Any CPU.ActiveCfg = Release|Any CPU
		{5C09C829-BB34-4515-AA53-571D835082E7}.Release|Any CPU.Build.0 = Release|Any CPU
		{B31887A4-00BC-473C-94EC-C8E953E47FE5}.Debug|Any CPU.ActiveCfg = Debug|Any CPU
		{B31887A4-00BC-473C-94EC-C8E953E47FE5}.Debug|Any CPU.Build.0 = Debug|Any CPU
		{B31887A4-00BC-473C-94EC-C8E953E47FE5}.Release|Any CPU.ActiveCfg = Release|Any CPU
		{B31887A4-00BC-473C-94EC-C8E953E47FE5}.Release|Any CPU.Build.0 = Release|Any CPU
		{2F4512BD-762F-451E-A3CA-B870A6DD0A7F}.Debug|Any CPU.ActiveCfg = Debug|Any CPU
		{2F4512BD-762F-451E-A3CA-B870A6DD0A7F}.Debug|Any CPU.Build.0 = Debug|Any CPU
		{2F4512BD-762F-451E-A3CA-B870A6DD0A7F}.Release|Any CPU.ActiveCfg = Release|Any CPU
		{2F4512BD-762F-451E-A3CA-B870A6DD0A7F}.Release|Any CPU.Build.0 = Release|Any CPU
		{4AFA4AA1-645F-4745-BD6E-02D73C4BAE81}.Debug|Any CPU.ActiveCfg = Debug|Any CPU
		{4AFA4AA1-645F-4745-BD6E-02D73C4BAE81}.Debug|Any CPU.Build.0 = Debug|Any CPU
		{4AFA4AA1-645F-4745-BD6E-02D73C4BAE81}.Release|Any CPU.ActiveCfg = Release|Any CPU
		{4AFA4AA1-645F-4745-BD6E-02D73C4BAE81}.Release|Any CPU.Build.0 = Release|Any CPU
		{BD3170EE-7148-4829-8787-B0C7A911631E}.Debug|Any CPU.ActiveCfg = Debug|Any CPU
		{BD3170EE-7148-4829-8787-B0C7A911631E}.Debug|Any CPU.Build.0 = Debug|Any CPU
		{BD3170EE-7148-4829-8787-B0C7A911631E}.Release|Any CPU.ActiveCfg = Release|Any CPU
		{BD3170EE-7148-4829-8787-B0C7A911631E}.Release|Any CPU.Build.0 = Release|Any CPU
		{4A63D224-A80A-4CC1-B619-55E321C8441D}.Debug|Any CPU.ActiveCfg = Debug|Any CPU
		{4A63D224-A80A-4CC1-B619-55E321C8441D}.Debug|Any CPU.Build.0 = Debug|Any CPU
		{4A63D224-A80A-4CC1-B619-55E321C8441D}.Release|Any CPU.ActiveCfg = Release|Any CPU
		{4A63D224-A80A-4CC1-B619-55E321C8441D}.Release|Any CPU.Build.0 = Release|Any CPU
		{FE7BAF6D-2F32-4CE2-89DD-7274C044CED3}.Debug|Any CPU.ActiveCfg = Debug|Any CPU
		{FE7BAF6D-2F32-4CE2-89DD-7274C044CED3}.Debug|Any CPU.Build.0 = Debug|Any CPU
		{FE7BAF6D-2F32-4CE2-89DD-7274C044CED3}.Release|Any CPU.ActiveCfg = Release|Any CPU
		{FE7BAF6D-2F32-4CE2-89DD-7274C044CED3}.Release|Any CPU.Build.0 = Release|Any CPU
		{80806292-6299-43E6-8D2E-B0AF3CF43321}.Debug|Any CPU.ActiveCfg = Debug|Any CPU
		{80806292-6299-43E6-8D2E-B0AF3CF43321}.Debug|Any CPU.Build.0 = Debug|Any CPU
		{80806292-6299-43E6-8D2E-B0AF3CF43321}.Release|Any CPU.ActiveCfg = Release|Any CPU
		{80806292-6299-43E6-8D2E-B0AF3CF43321}.Release|Any CPU.Build.0 = Release|Any CPU
		{FAF25EDE-DD66-4313-86F4-1B53F4343FA8}.Debug|Any CPU.ActiveCfg = Debug|Any CPU
		{FAF25EDE-DD66-4313-86F4-1B53F4343FA8}.Debug|Any CPU.Build.0 = Debug|Any CPU
		{FAF25EDE-DD66-4313-86F4-1B53F4343FA8}.Release|Any CPU.ActiveCfg = Release|Any CPU
		{FAF25EDE-DD66-4313-86F4-1B53F4343FA8}.Release|Any CPU.Build.0 = Release|Any CPU
		{71549E8D-3A55-4E99-A508-DAB08469A636}.Debug|Any CPU.ActiveCfg = Debug|Any CPU
		{71549E8D-3A55-4E99-A508-DAB08469A636}.Debug|Any CPU.Build.0 = Debug|Any CPU
		{71549E8D-3A55-4E99-A508-DAB08469A636}.Release|Any CPU.ActiveCfg = Release|Any CPU
		{71549E8D-3A55-4E99-A508-DAB08469A636}.Release|Any CPU.Build.0 = Release|Any CPU
		{1A38E330-E0F7-4900-AC51-387D675A35A1}.Debug|Any CPU.ActiveCfg = Debug|Any CPU
		{1A38E330-E0F7-4900-AC51-387D675A35A1}.Debug|Any CPU.Build.0 = Debug|Any CPU
		{1A38E330-E0F7-4900-AC51-387D675A35A1}.Release|Any CPU.ActiveCfg = Release|Any CPU
		{1A38E330-E0F7-4900-AC51-387D675A35A1}.Release|Any CPU.Build.0 = Release|Any CPU
		{4E2E1926-ADD7-4EC4-921A-C366E76DB5DC}.Debug|Any CPU.ActiveCfg = Debug|Any CPU
		{4E2E1926-ADD7-4EC4-921A-C366E76DB5DC}.Debug|Any CPU.Build.0 = Debug|Any CPU
		{4E2E1926-ADD7-4EC4-921A-C366E76DB5DC}.Release|Any CPU.ActiveCfg = Release|Any CPU
		{4E2E1926-ADD7-4EC4-921A-C366E76DB5DC}.Release|Any CPU.Build.0 = Release|Any CPU
		{3E88FD97-CA48-4590-9E79-F2B1727F86A7}.Debug|Any CPU.ActiveCfg = Debug|Any CPU
		{3E88FD97-CA48-4590-9E79-F2B1727F86A7}.Debug|Any CPU.Build.0 = Debug|Any CPU
		{3E88FD97-CA48-4590-9E79-F2B1727F86A7}.Release|Any CPU.ActiveCfg = Release|Any CPU
		{3E88FD97-CA48-4590-9E79-F2B1727F86A7}.Release|Any CPU.Build.0 = Release|Any CPU
		{CAE309F0-A3FE-447D-9970-AC874D63B1E3}.Debug|Any CPU.ActiveCfg = Debug|Any CPU
		{CAE309F0-A3FE-447D-9970-AC874D63B1E3}.Debug|Any CPU.Build.0 = Debug|Any CPU
		{CAE309F0-A3FE-447D-9970-AC874D63B1E3}.Release|Any CPU.ActiveCfg = Release|Any CPU
		{CAE309F0-A3FE-447D-9970-AC874D63B1E3}.Release|Any CPU.Build.0 = Release|Any CPU
		{706E84F7-5E4C-4866-B3AC-BFFD51938F51}.Debug|Any CPU.ActiveCfg = Debug|Any CPU
		{706E84F7-5E4C-4866-B3AC-BFFD51938F51}.Debug|Any CPU.Build.0 = Debug|Any CPU
		{706E84F7-5E4C-4866-B3AC-BFFD51938F51}.Release|Any CPU.ActiveCfg = Release|Any CPU
		{706E84F7-5E4C-4866-B3AC-BFFD51938F51}.Release|Any CPU.Build.0 = Release|Any CPU
		{1AEDDD38-E2EC-4895-B76E-E51442417A4E}.Debug|Any CPU.ActiveCfg = Debug|Any CPU
		{1AEDDD38-E2EC-4895-B76E-E51442417A4E}.Debug|Any CPU.Build.0 = Debug|Any CPU
		{1AEDDD38-E2EC-4895-B76E-E51442417A4E}.Release|Any CPU.ActiveCfg = Release|Any CPU
		{1AEDDD38-E2EC-4895-B76E-E51442417A4E}.Release|Any CPU.Build.0 = Release|Any CPU
		{32EAA1A3-D9F2-468A-A4C0-AB7152A39950}.Debug|Any CPU.ActiveCfg = Debug|Any CPU
		{32EAA1A3-D9F2-468A-A4C0-AB7152A39950}.Debug|Any CPU.Build.0 = Debug|Any CPU
		{32EAA1A3-D9F2-468A-A4C0-AB7152A39950}.Release|Any CPU.ActiveCfg = Release|Any CPU
		{32EAA1A3-D9F2-468A-A4C0-AB7152A39950}.Release|Any CPU.Build.0 = Release|Any CPU
		{2A7D538F-08EB-4DF5-B6A2-673867DC22E0}.Debug|Any CPU.ActiveCfg = Debug|Any CPU
		{2A7D538F-08EB-4DF5-B6A2-673867DC22E0}.Debug|Any CPU.Build.0 = Debug|Any CPU
		{2A7D538F-08EB-4DF5-B6A2-673867DC22E0}.Release|Any CPU.ActiveCfg = Release|Any CPU
		{2A7D538F-08EB-4DF5-B6A2-673867DC22E0}.Release|Any CPU.Build.0 = Release|Any CPU
		{45D9B082-E3F5-47F0-9FC0-49B10692117B}.Debug|Any CPU.ActiveCfg = Debug|Any CPU
		{45D9B082-E3F5-47F0-9FC0-49B10692117B}.Debug|Any CPU.Build.0 = Debug|Any CPU
		{45D9B082-E3F5-47F0-9FC0-49B10692117B}.Release|Any CPU.ActiveCfg = Release|Any CPU
		{45D9B082-E3F5-47F0-9FC0-49B10692117B}.Release|Any CPU.Build.0 = Release|Any CPU
	EndGlobalSection
	GlobalSection(SolutionProperties) = preSolution
		HideSolutionNode = FALSE
	EndGlobalSection
	GlobalSection(NestedProjects) = preSolution
		{79C16B6D-37BF-4541-AD3B-C43F9FB7E7DF} = {FC2BE9F3-505A-47DD-8307-B29DEB465671}
		{A1DAD0F8-E0B6-4155-BA95-5B3B09F8D203} = {FC2BE9F3-505A-47DD-8307-B29DEB465671}
		{861D7664-9446-40BB-83E2-89D4CBAA9B32} = {323E9B49-8B0C-4822-A218-43AD19A37286}
		{CDA81287-A919-4FAC-BE77-B7DB668D5AF7} = {323E9B49-8B0C-4822-A218-43AD19A37286}
		{2EA081EC-9788-43C5-A6BC-A7F1AE7B65DC} = {9BAAD590-23F6-48E9-A936-4567A2E84D28}
		{5C09C829-BB34-4515-AA53-571D835082E7} = {9BAAD590-23F6-48E9-A936-4567A2E84D28}
		{B31887A4-00BC-473C-94EC-C8E953E47FE5} = {A71C7996-2436-4D30-89EA-3287FB398022}
		{2F4512BD-762F-451E-A3CA-B870A6DD0A7F} = {A71C7996-2436-4D30-89EA-3287FB398022}
		{4AFA4AA1-645F-4745-BD6E-02D73C4BAE81} = {01982F44-7275-44DB-81B1-F7AA7F5519B7}
		{BD3170EE-7148-4829-8787-B0C7A911631E} = {AB587B66-D59B-4BBB-91AA-3F5D435413C8}
		{4A63D224-A80A-4CC1-B619-55E321C8441D} = {AB587B66-D59B-4BBB-91AA-3F5D435413C8}
		{FE7BAF6D-2F32-4CE2-89DD-7274C044CED3} = {B1C8321A-D974-4C70-959C-380B38B8C586}
		{80806292-6299-43E6-8D2E-B0AF3CF43321} = {B1C8321A-D974-4C70-959C-380B38B8C586}
		{FAF25EDE-DD66-4313-86F4-1B53F4343FA8} = {AFC98EF5-90A5-4636-96CF-948E3024B0A3}
		{71549E8D-3A55-4E99-A508-DAB08469A636} = {AFC98EF5-90A5-4636-96CF-948E3024B0A3}
		{1A38E330-E0F7-4900-AC51-387D675A35A1} = {183557F0-3212-4616-B6A6-58B726D3EBBF}
		{4E2E1926-ADD7-4EC4-921A-C366E76DB5DC} = {183557F0-3212-4616-B6A6-58B726D3EBBF}
		{3E88FD97-CA48-4590-9E79-F2B1727F86A7} = {CF2FB307-905B-42C0-B45C-13581CBBB17F}
		{CAE309F0-A3FE-447D-9970-AC874D63B1E3} = {CF2FB307-905B-42C0-B45C-13581CBBB17F}
		{706E84F7-5E4C-4866-B3AC-BFFD51938F51} = {F0F22F1A-6AC5-42CB-8AB9-E585542F0332}
		{1AEDDD38-E2EC-4895-B76E-E51442417A4E} = {F0F22F1A-6AC5-42CB-8AB9-E585542F0332}
		{32EAA1A3-D9F2-468A-A4C0-AB7152A39950} = {01982F44-7275-44DB-81B1-F7AA7F5519B7}
	EndGlobalSection
	GlobalSection(ExtensibilityGlobals) = postSolution
		SolutionGuid = {DA568839-4176-453F-A69B-F87F8C2323B7}
	EndGlobalSection
EndGlobal
